// !$*UTF8*$!
{
	archiveVersion = 1;
	classes = {
	};
	objectVersion = 50;
	objects = {

/* Begin PBXBuildFile section */
		BFB2F7BE255EDF610005E9F2 /* AppDelegate.swift in Sources */ = {isa = PBXBuildFile; fileRef = BFB2F7BD255EDF610005E9F2 /* AppDelegate.swift */; };
		BFB2F7C0255EDF610005E9F2 /* SceneDelegate.swift in Sources */ = {isa = PBXBuildFile; fileRef = BFB2F7BF255EDF610005E9F2 /* SceneDelegate.swift */; };
		BFB2F7C5255EDF610005E9F2 /* Main.storyboard in Resources */ = {isa = PBXBuildFile; fileRef = BFB2F7C3255EDF610005E9F2 /* Main.storyboard */; };
		BFB2F7C7255EDF620005E9F2 /* Assets.xcassets in Resources */ = {isa = PBXBuildFile; fileRef = BFB2F7C6255EDF620005E9F2 /* Assets.xcassets */; };
		BFB2F7CA255EDF620005E9F2 /* LaunchScreen.storyboard in Resources */ = {isa = PBXBuildFile; fileRef = BFB2F7C8255EDF620005E9F2 /* LaunchScreen.storyboard */; };
		BFB2F7D5255EDF620005E9F2 /* TestJsonTests.swift in Sources */ = {isa = PBXBuildFile; fileRef = BFB2F7D4255EDF620005E9F2 /* TestJsonTests.swift */; };
		BFB2F7E0255EDF620005E9F2 /* TestJsonUITests.swift in Sources */ = {isa = PBXBuildFile; fileRef = BFB2F7DF255EDF620005E9F2 /* TestJsonUITests.swift */; };
		BFB2F7F4255EE3430005E9F2 /* TableViewController.swift in Sources */ = {isa = PBXBuildFile; fileRef = BFB2F7F3255EE3430005E9F2 /* TableViewController.swift */; };
		BFB2F7F9255EE4170005E9F2 /* Student.swift in Sources */ = {isa = PBXBuildFile; fileRef = BFB2F7F8255EE4170005E9F2 /* Student.swift */; };
/* End PBXBuildFile section */

/* Begin PBXContainerItemProxy section */
		BFB2F7D1255EDF620005E9F2 /* PBXContainerItemProxy */ = {
			isa = PBXContainerItemProxy;
			containerPortal = BFB2F7B2255EDF610005E9F2 /* Project object */;
			proxyType = 1;
			remoteGlobalIDString = BFB2F7B9255EDF610005E9F2;
			remoteInfo = TestJson;
		};
		BFB2F7DC255EDF620005E9F2 /* PBXContainerItemProxy */ = {
			isa = PBXContainerItemProxy;
			containerPortal = BFB2F7B2255EDF610005E9F2 /* Project object */;
			proxyType = 1;
			remoteGlobalIDString = BFB2F7B9255EDF610005E9F2;
			remoteInfo = TestJson;
		};
/* End PBXContainerItemProxy section */

/* Begin PBXFileReference section */
		BFB2F7BA255EDF610005E9F2 /* TestJson.app */ = {isa = PBXFileReference; explicitFileType = wrapper.application; includeInIndex = 0; path = TestJson.app; sourceTree = BUILT_PRODUCTS_DIR; };
		BFB2F7BD255EDF610005E9F2 /* AppDelegate.swift */ = {isa = PBXFileReference; lastKnownFileType = sourcecode.swift; path = AppDelegate.swift; sourceTree = "<group>"; };
		BFB2F7BF255EDF610005E9F2 /* SceneDelegate.swift */ = {isa = PBXFileReference; lastKnownFileType = sourcecode.swift; path = SceneDelegate.swift; sourceTree = "<group>"; };
		BFB2F7C4255EDF610005E9F2 /* Base */ = {isa = PBXFileReference; lastKnownFileType = file.storyboard; name = Base; path = Base.lproj/Main.storyboard; sourceTree = "<group>"; };
		BFB2F7C6255EDF620005E9F2 /* Assets.xcassets */ = {isa = PBXFileReference; lastKnownFileType = folder.assetcatalog; path = Assets.xcassets; sourceTree = "<group>"; };
		BFB2F7C9255EDF620005E9F2 /* Base */ = {isa = PBXFileReference; lastKnownFileType = file.storyboard; name = Base; path = Base.lproj/LaunchScreen.storyboard; sourceTree = "<group>"; };
		BFB2F7CB255EDF620005E9F2 /* Info.plist */ = {isa = PBXFileReference; lastKnownFileType = text.plist.xml; path = Info.plist; sourceTree = "<group>"; };
		BFB2F7D0255EDF620005E9F2 /* TestJsonTests.xctest */ = {isa = PBXFileReference; explicitFileType = wrapper.cfbundle; includeInIndex = 0; path = TestJsonTests.xctest; sourceTree = BUILT_PRODUCTS_DIR; };
		BFB2F7D4255EDF620005E9F2 /* TestJsonTests.swift */ = {isa = PBXFileReference; lastKnownFileType = sourcecode.swift; path = TestJsonTests.swift; sourceTree = "<group>"; };
		BFB2F7D6255EDF620005E9F2 /* Info.plist */ = {isa = PBXFileReference; lastKnownFileType = text.plist.xml; path = Info.plist; sourceTree = "<group>"; };
		BFB2F7DB255EDF620005E9F2 /* TestJsonUITests.xctest */ = {isa = PBXFileReference; explicitFileType = wrapper.cfbundle; includeInIndex = 0; path = TestJsonUITests.xctest; sourceTree = BUILT_PRODUCTS_DIR; };
		BFB2F7DF255EDF620005E9F2 /* TestJsonUITests.swift */ = {isa = PBXFileReference; lastKnownFileType = sourcecode.swift; path = TestJsonUITests.swift; sourceTree = "<group>"; };
		BFB2F7E1255EDF620005E9F2 /* Info.plist */ = {isa = PBXFileReference; lastKnownFileType = text.plist.xml; path = Info.plist; sourceTree = "<group>"; };
		BFB2F7F3255EE3430005E9F2 /* TableViewController.swift */ = {isa = PBXFileReference; lastKnownFileType = sourcecode.swift; path = TableViewController.swift; sourceTree = "<group>"; };
		BFB2F7F8255EE4170005E9F2 /* Student.swift */ = {isa = PBXFileReference; lastKnownFileType = sourcecode.swift; path = Student.swift; sourceTree = "<group>"; };
/* End PBXFileReference section */

/* Begin PBXFrameworksBuildPhase section */
		BFB2F7B7255EDF610005E9F2 /* Frameworks */ = {
			isa = PBXFrameworksBuildPhase;
			buildActionMask = 2147483647;
			files = (
			);
			runOnlyForDeploymentPostprocessing = 0;
		};
		BFB2F7CD255EDF620005E9F2 /* Frameworks */ = {
			isa = PBXFrameworksBuildPhase;
			buildActionMask = 2147483647;
			files = (
			);
			runOnlyForDeploymentPostprocessing = 0;
		};
		BFB2F7D8255EDF620005E9F2 /* Frameworks */ = {
			isa = PBXFrameworksBuildPhase;
			buildActionMask = 2147483647;
			files = (
			);
			runOnlyForDeploymentPostprocessing = 0;
		};
/* End PBXFrameworksBuildPhase section */

/* Begin PBXGroup section */
		BFB2F7B1255EDF610005E9F2 = {
			isa = PBXGroup;
			children = (
				BFB2F7BC255EDF610005E9F2 /* TestJson */,
				BFB2F7D3255EDF620005E9F2 /* TestJsonTests */,
				BFB2F7DE255EDF620005E9F2 /* TestJsonUITests */,
				BFB2F7BB255EDF610005E9F2 /* Products */,
			);
			sourceTree = "<group>";
		};
		BFB2F7BB255EDF610005E9F2 /* Products */ = {
			isa = PBXGroup;
			children = (
				BFB2F7BA255EDF610005E9F2 /* TestJson.app */,
				BFB2F7D0255EDF620005E9F2 /* TestJsonTests.xctest */,
				BFB2F7DB255EDF620005E9F2 /* TestJsonUITests.xctest */,
			);
			name = Products;
			sourceTree = "<group>";
		};
		BFB2F7BC255EDF610005E9F2 /* TestJson */ = {
			isa = PBXGroup;
			children = (
				BFB2F7BD255EDF610005E9F2 /* AppDelegate.swift */,
				BFB2F7BF255EDF610005E9F2 /* SceneDelegate.swift */,
				BFB2F7C3255EDF610005E9F2 /* Main.storyboard */,
				BFB2F7C6255EDF620005E9F2 /* Assets.xcassets */,
				BFB2F7C8255EDF620005E9F2 /* LaunchScreen.storyboard */,
				BFB2F7CB255EDF620005E9F2 /* Info.plist */,
				BFB2F7F3255EE3430005E9F2 /* TableViewController.swift */,
				BFB2F7F8255EE4170005E9F2 /* Student.swift */,
			);
			path = TestJson;
			sourceTree = "<group>";
		};
		BFB2F7D3255EDF620005E9F2 /* TestJsonTests */ = {
			isa = PBXGroup;
			children = (
				BFB2F7D4255EDF620005E9F2 /* TestJsonTests.swift */,
				BFB2F7D6255EDF620005E9F2 /* Info.plist */,
			);
			path = TestJsonTests;
			sourceTree = "<group>";
		};
		BFB2F7DE255EDF620005E9F2 /* TestJsonUITests */ = {
			isa = PBXGroup;
			children = (
				BFB2F7DF255EDF620005E9F2 /* TestJsonUITests.swift */,
				BFB2F7E1255EDF620005E9F2 /* Info.plist */,
			);
			path = TestJsonUITests;
			sourceTree = "<group>";
		};
/* End PBXGroup section */

/* Begin PBXNativeTarget section */
		BFB2F7B9255EDF610005E9F2 /* TestJson */ = {
			isa = PBXNativeTarget;
			buildConfigurationList = BFB2F7E4255EDF620005E9F2 /* Build configuration list for PBXNativeTarget "TestJson" */;
			buildPhases = (
				BFB2F7B6255EDF610005E9F2 /* Sources */,
				BFB2F7B7255EDF610005E9F2 /* Frameworks */,
				BFB2F7B8255EDF610005E9F2 /* Resources */,
			);
			buildRules = (
			);
			dependencies = (
			);
			name = TestJson;
			productName = TestJson;
			productReference = BFB2F7BA255EDF610005E9F2 /* TestJson.app */;
			productType = "com.apple.product-type.application";
		};
		BFB2F7CF255EDF620005E9F2 /* TestJsonTests */ = {
			isa = PBXNativeTarget;
			buildConfigurationList = BFB2F7E7255EDF620005E9F2 /* Build configuration list for PBXNativeTarget "TestJsonTests" */;
			buildPhases = (
				BFB2F7CC255EDF620005E9F2 /* Sources */,
				BFB2F7CD255EDF620005E9F2 /* Frameworks */,
				BFB2F7CE255EDF620005E9F2 /* Resources */,
			);
			buildRules = (
			);
			dependencies = (
				BFB2F7D2255EDF620005E9F2 /* PBXTargetDependency */,
			);
			name = TestJsonTests;
			productName = TestJsonTests;
			productReference = BFB2F7D0255EDF620005E9F2 /* TestJsonTests.xctest */;
			productType = "com.apple.product-type.bundle.unit-test";
		};
		BFB2F7DA255EDF620005E9F2 /* TestJsonUITests */ = {
			isa = PBXNativeTarget;
			buildConfigurationList = BFB2F7EA255EDF620005E9F2 /* Build configuration list for PBXNativeTarget "TestJsonUITests" */;
			buildPhases = (
				BFB2F7D7255EDF620005E9F2 /* Sources */,
				BFB2F7D8255EDF620005E9F2 /* Frameworks */,
				BFB2F7D9255EDF620005E9F2 /* Resources */,
			);
			buildRules = (
			);
			dependencies = (
				BFB2F7DD255EDF620005E9F2 /* PBXTargetDependency */,
			);
			name = TestJsonUITests;
			productName = TestJsonUITests;
			productReference = BFB2F7DB255EDF620005E9F2 /* TestJsonUITests.xctest */;
			productType = "com.apple.product-type.bundle.ui-testing";
		};
/* End PBXNativeTarget section */

/* Begin PBXProject section */
		BFB2F7B2255EDF610005E9F2 /* Project object */ = {
			isa = PBXProject;
			attributes = {
				LastSwiftUpdateCheck = 1210;
				LastUpgradeCheck = 1210;
				TargetAttributes = {
					BFB2F7B9255EDF610005E9F2 = {
						CreatedOnToolsVersion = 12.1;
					};
					BFB2F7CF255EDF620005E9F2 = {
						CreatedOnToolsVersion = 12.1;
						TestTargetID = BFB2F7B9255EDF610005E9F2;
					};
					BFB2F7DA255EDF620005E9F2 = {
						CreatedOnToolsVersion = 12.1;
						TestTargetID = BFB2F7B9255EDF610005E9F2;
					};
				};
			};
			buildConfigurationList = BFB2F7B5255EDF610005E9F2 /* Build configuration list for PBXProject "TestJson" */;
			compatibilityVersion = "Xcode 9.3";
			developmentRegion = en;
			hasScannedForEncodings = 0;
			knownRegions = (
				en,
				Base,
			);
			mainGroup = BFB2F7B1255EDF610005E9F2;
			productRefGroup = BFB2F7BB255EDF610005E9F2 /* Products */;
			projectDirPath = "";
			projectRoot = "";
			targets = (
				BFB2F7B9255EDF610005E9F2 /* TestJson */,
				BFB2F7CF255EDF620005E9F2 /* TestJsonTests */,
				BFB2F7DA255EDF620005E9F2 /* TestJsonUITests */,
			);
		};
/* End PBXProject section */

/* Begin PBXResourcesBuildPhase section */
		BFB2F7B8255EDF610005E9F2 /* Resources */ = {
			isa = PBXResourcesBuildPhase;
			buildActionMask = 2147483647;
			files = (
				BFB2F7CA255EDF620005E9F2 /* LaunchScreen.storyboard in Resources */,
				BFB2F7C7255EDF620005E9F2 /* Assets.xcassets in Resources */,
				BFB2F7C5255EDF610005E9F2 /* Main.storyboard in Resources */,
			);
			runOnlyForDeploymentPostprocessing = 0;
		};
		BFB2F7CE255EDF620005E9F2 /* Resources */ = {
			isa = PBXResourcesBuildPhase;
			buildActionMask = 2147483647;
			files = (
			);
			runOnlyForDeploymentPostprocessing = 0;
		};
		BFB2F7D9255EDF620005E9F2 /* Resources */ = {
			isa = PBXResourcesBuildPhase;
			buildActionMask = 2147483647;
			files = (
			);
			runOnlyForDeploymentPostprocessing = 0;
		};
/* End PBXResourcesBuildPhase section */

/* Begin PBXSourcesBuildPhase section */
		BFB2F7B6255EDF610005E9F2 /* Sources */ = {
			isa = PBXSourcesBuildPhase;
			buildActionMask = 2147483647;
			files = (
				BFB2F7BE255EDF610005E9F2 /* AppDelegate.swift in Sources */,
				BFB2F7F4255EE3430005E9F2 /* TableViewController.swift in Sources */,
				BFB2F7C0255EDF610005E9F2 /* SceneDelegate.swift in Sources */,
				BFB2F7F9255EE4170005E9F2 /* Student.swift in Sources */,
			);
			runOnlyForDeploymentPostprocessing = 0;
		};
		BFB2F7CC255EDF620005E9F2 /* Sources */ = {
			isa = PBXSourcesBuildPhase;
			buildActionMask = 2147483647;
			files = (
				BFB2F7D5255EDF620005E9F2 /* TestJsonTests.swift in Sources */,
			);
			runOnlyForDeploymentPostprocessing = 0;
		};
		BFB2F7D7255EDF620005E9F2 /* Sources */ = {
			isa = PBXSourcesBuildPhase;
			buildActionMask = 2147483647;
			files = (
				BFB2F7E0255EDF620005E9F2 /* TestJsonUITests.swift in Sources */,
			);
			runOnlyForDeploymentPostprocessing = 0;
		};
/* End PBXSourcesBuildPhase section */

/* Begin PBXTargetDependency section */
		BFB2F7D2255EDF620005E9F2 /* PBXTargetDependency */ = {
			isa = PBXTargetDependency;
			target = BFB2F7B9255EDF610005E9F2 /* TestJson */;
			targetProxy = BFB2F7D1255EDF620005E9F2 /* PBXContainerItemProxy */;
		};
		BFB2F7DD255EDF620005E9F2 /* PBXTargetDependency */ = {
			isa = PBXTargetDependency;
			target = BFB2F7B9255EDF610005E9F2 /* TestJson */;
			targetProxy = BFB2F7DC255EDF620005E9F2 /* PBXContainerItemProxy */;
		};
/* End PBXTargetDependency section */

/* Begin PBXVariantGroup section */
		BFB2F7C3255EDF610005E9F2 /* Main.storyboard */ = {
			isa = PBXVariantGroup;
			children = (
				BFB2F7C4255EDF610005E9F2 /* Base */,
			);
			name = Main.storyboard;
			sourceTree = "<group>";
		};
		BFB2F7C8255EDF620005E9F2 /* LaunchScreen.storyboard */ = {
			isa = PBXVariantGroup;
			children = (
				BFB2F7C9255EDF620005E9F2 /* Base */,
			);
			name = LaunchScreen.storyboard;
			sourceTree = "<group>";
		};
/* End PBXVariantGroup section */

/* Begin XCBuildConfiguration section */
		BFB2F7E2255EDF620005E9F2 /* Debug */ = {
			isa = XCBuildConfiguration;
			buildSettings = {
				ALWAYS_SEARCH_USER_PATHS = NO;
				CLANG_ANALYZER_NONNULL = YES;
				CLANG_ANALYZER_NUMBER_OBJECT_CONVERSION = YES_AGGRESSIVE;
				CLANG_CXX_LANGUAGE_STANDARD = "gnu++14";
				CLANG_CXX_LIBRARY = "libc++";
				CLANG_ENABLE_MODULES = YES;
				CLANG_ENABLE_OBJC_ARC = YES;
				CLANG_ENABLE_OBJC_WEAK = YES;
				CLANG_WARN_BLOCK_CAPTURE_AUTORELEASING = YES;
				CLANG_WARN_BOOL_CONVERSION = YES;
				CLANG_WARN_COMMA = YES;
				CLANG_WARN_CONSTANT_CONVERSION = YES;
				CLANG_WARN_DEPRECATED_OBJC_IMPLEMENTATIONS = YES;
				CLANG_WARN_DIRECT_OBJC_ISA_USAGE = YES_ERROR;
				CLANG_WARN_DOCUMENTATION_COMMENTS = YES;
				CLANG_WARN_EMPTY_BODY = YES;
				CLANG_WARN_ENUM_CONVERSION = YES;
				CLANG_WARN_INFINITE_RECURSION = YES;
				CLANG_WARN_INT_CONVERSION = YES;
				CLANG_WARN_NON_LITERAL_NULL_CONVERSION = YES;
				CLANG_WARN_OBJC_IMPLICIT_RETAIN_SELF = YES;
				CLANG_WARN_OBJC_LITERAL_CONVERSION = YES;
				CLANG_WARN_OBJC_ROOT_CLASS = YES_ERROR;
				CLANG_WARN_QUOTED_INCLUDE_IN_FRAMEWORK_HEADER = YES;
				CLANG_WARN_RANGE_LOOP_ANALYSIS = YES;
				CLANG_WARN_STRICT_PROTOTYPES = YES;
				CLANG_WARN_SUSPICIOUS_MOVE = YES;
				CLANG_WARN_UNGUARDED_AVAILABILITY = YES_AGGRESSIVE;
				CLANG_WARN_UNREACHABLE_CODE = YES;
				CLANG_WARN__DUPLICATE_METHOD_MATCH = YES;
				COPY_PHASE_STRIP = NO;
				DEBUG_INFORMATION_FORMAT = dwarf;
				ENABLE_STRICT_OBJC_MSGSEND = YES;
				ENABLE_TESTABILITY = YES;
				GCC_C_LANGUAGE_STANDARD = gnu11;
				GCC_DYNAMIC_NO_PIC = NO;
				GCC_NO_COMMON_BLOCKS = YES;
				GCC_OPTIMIZATION_LEVEL = 0;
				GCC_PREPROCESSOR_DEFINITIONS = (
					"DEBUG=1",
					"$(inherited)",
				);
				GCC_WARN_64_TO_32_BIT_CONVERSION = YES;
				GCC_WARN_ABOUT_RETURN_TYPE = YES_ERROR;
				GCC_WARN_UNDECLARED_SELECTOR = YES;
				GCC_WARN_UNINITIALIZED_AUTOS = YES_AGGRESSIVE;
				GCC_WARN_UNUSED_FUNCTION = YES;
				GCC_WARN_UNUSED_VARIABLE = YES;
				IPHONEOS_DEPLOYMENT_TARGET = 14.1;
				MTL_ENABLE_DEBUG_INFO = INCLUDE_SOURCE;
				MTL_FAST_MATH = YES;
				ONLY_ACTIVE_ARCH = YES;
				SDKROOT = iphoneos;
				SWIFT_ACTIVE_COMPILATION_CONDITIONS = DEBUG;
				SWIFT_OPTIMIZATION_LEVEL = "-Onone";
			};
			name = Debug;
		};
		BFB2F7E3255EDF620005E9F2 /* Release */ = {
			isa = XCBuildConfiguration;
			buildSettings = {
				ALWAYS_SEARCH_USER_PATHS = NO;
				CLANG_ANALYZER_NONNULL = YES;
				CLANG_ANALYZER_NUMBER_OBJECT_CONVERSION = YES_AGGRESSIVE;
				CLANG_CXX_LANGUAGE_STANDARD = "gnu++14";
				CLANG_CXX_LIBRARY = "libc++";
				CLANG_ENABLE_MODULES = YES;
				CLANG_ENABLE_OBJC_ARC = YES;
				CLANG_ENABLE_OBJC_WEAK = YES;
				CLANG_WARN_BLOCK_CAPTURE_AUTORELEASING = YES;
				CLANG_WARN_BOOL_CONVERSION = YES;
				CLANG_WARN_COMMA = YES;
				CLANG_WARN_CONSTANT_CONVERSION = YES;
				CLANG_WARN_DEPRECATED_OBJC_IMPLEMENTATIONS = YES;
				CLANG_WARN_DIRECT_OBJC_ISA_USAGE = YES_ERROR;
				CLANG_WARN_DOCUMENTATION_COMMENTS = YES;
				CLANG_WARN_EMPTY_BODY = YES;
				CLANG_WARN_ENUM_CONVERSION = YES;
				CLANG_WARN_INFINITE_RECURSION = YES;
				CLANG_WARN_INT_CONVERSION = YES;
				CLANG_WARN_NON_LITERAL_NULL_CONVERSION = YES;
				CLANG_WARN_OBJC_IMPLICIT_RETAIN_SELF = YES;
				CLANG_WARN_OBJC_LITERAL_CONVERSION = YES;
				CLANG_WARN_OBJC_ROOT_CLASS = YES_ERROR;
				CLANG_WARN_QUOTED_INCLUDE_IN_FRAMEWORK_HEADER = YES;
				CLANG_WARN_RANGE_LOOP_ANALYSIS = YES;
				CLANG_WARN_STRICT_PROTOTYPES = YES;
				CLANG_WARN_SUSPICIOUS_MOVE = YES;
				CLANG_WARN_UNGUARDED_AVAILABILITY = YES_AGGRESSIVE;
				CLANG_WARN_UNREACHABLE_CODE = YES;
				CLANG_WARN__DUPLICATE_METHOD_MATCH = YES;
				COPY_PHASE_STRIP = NO;
				DEBUG_INFORMATION_FORMAT = "dwarf-with-dsym";
				ENABLE_NS_ASSERTIONS = NO;
				ENABLE_STRICT_OBJC_MSGSEND = YES;
				GCC_C_LANGUAGE_STANDARD = gnu11;
				GCC_NO_COMMON_BLOCKS = YES;
				GCC_WARN_64_TO_32_BIT_CONVERSION = YES;
				GCC_WARN_ABOUT_RETURN_TYPE = YES_ERROR;
				GCC_WARN_UNDECLARED_SELECTOR = YES;
				GCC_WARN_UNINITIALIZED_AUTOS = YES_AGGRESSIVE;
				GCC_WARN_UNUSED_FUNCTION = YES;
				GCC_WARN_UNUSED_VARIABLE = YES;
				IPHONEOS_DEPLOYMENT_TARGET = 14.1;
				MTL_ENABLE_DEBUG_INFO = NO;
				MTL_FAST_MATH = YES;
				SDKROOT = iphoneos;
				SWIFT_COMPILATION_MODE = wholemodule;
				SWIFT_OPTIMIZATION_LEVEL = "-O";
				VALIDATE_PRODUCT = YES;
			};
			name = Release;
		};
		BFB2F7E5255EDF620005E9F2 /* Debug */ = {
			isa = XCBuildConfiguration;
			buildSettings = {
				ASSETCATALOG_COMPILER_APPICON_NAME = AppIcon;
				ASSETCATALOG_COMPILER_GLOBAL_ACCENT_COLOR_NAME = AccentColor;
				CODE_SIGN_STYLE = Automatic;
				INFOPLIST_FILE = TestJson/Info.plist;
				LD_RUNPATH_SEARCH_PATHS = (
					"$(inherited)",
					"@executable_path/Frameworks",
				);
				PRODUCT_BUNDLE_IDENTIFIER = ca.sheridancollege.TestJson;
				PRODUCT_NAME = "$(TARGET_NAME)";
				SWIFT_VERSION = 5.0;
				TARGETED_DEVICE_FAMILY = "1,2";
			};
			name = Debug;
		};
		BFB2F7E6255EDF620005E9F2 /* Release */ = {
			isa = XCBuildConfiguration;
			buildSettings = {
				ASSETCATALOG_COMPILER_APPICON_NAME = AppIcon;
				ASSETCATALOG_COMPILER_GLOBAL_ACCENT_COLOR_NAME = AccentColor;
				CODE_SIGN_STYLE = Automatic;
				INFOPLIST_FILE = TestJson/Info.plist;
				LD_RUNPATH_SEARCH_PATHS = (
					"$(inherited)",
					"@executable_path/Frameworks",
				);
				PRODUCT_BUNDLE_IDENTIFIER = ca.sheridancollege.TestJson;
				PRODUCT_NAME = "$(TARGET_NAME)";
				SWIFT_VERSION = 5.0;
				TARGETED_DEVICE_FAMILY = "1,2";
			};
			name = Release;
		};
		BFB2F7E8255EDF620005E9F2 /* Debug */ = {
			isa = XCBuildConfiguration;
			buildSettings = {
				ALWAYS_EMBED_SWIFT_STANDARD_LIBRARIES = YES;
				BUNDLE_LOADER = "$(TEST_HOST)";
				CODE_SIGN_STYLE = Automatic;
				INFOPLIST_FILE = TestJsonTests/Info.plist;
				IPHONEOS_DEPLOYMENT_TARGET = 14.1;
				LD_RUNPATH_SEARCH_PATHS = (
					"$(inherited)",
					"@executable_path/Frameworks",
					"@loader_path/Frameworks",
				);
				PRODUCT_BUNDLE_IDENTIFIER = ca.sheridancollege.TestJsonTests;
				PRODUCT_NAME = "$(TARGET_NAME)";
				SWIFT_VERSION = 5.0;
				TARGETED_DEVICE_FAMILY = "1,2";
				TEST_HOST = "$(BUILT_PRODUCTS_DIR)/TestJson.app/TestJson";
			};
			name = Debug;
		};
		BFB2F7E9255EDF620005E9F2 /* Release */ = {
			isa = XCBuildConfiguration;
			buildSettings = {
				ALWAYS_EMBED_SWIFT_STANDARD_LIBRARIES = YES;
				BUNDLE_LOADER = "$(TEST_HOST)";
				CODE_SIGN_STYLE = Automatic;
				INFOPLIST_FILE = TestJsonTests/Info.plist;
				IPHONEOS_DEPLOYMENT_TARGET = 14.1;
				LD_RUNPATH_SEARCH_PATHS = (
					"$(inherited)",
					"@executable_path/Frameworks",
					"@loader_path/Frameworks",
				);
				PRODUCT_BUNDLE_IDENTIFIER = ca.sheridancollege.TestJsonTests;
				PRODUCT_NAME = "$(TARGET_NAME)";
				SWIFT_VERSION = 5.0;
				TARGETED_DEVICE_FAMILY = "1,2";
				TEST_HOST = "$(BUILT_PRODUCTS_DIR)/TestJson.app/TestJson";
			};
			name = Release;
		};
		BFB2F7EB255EDF620005E9F2 /* Debug */ = {
			isa = XCBuildConfiguration;
			buildSettings = {
				ALWAYS_EMBED_SWIFT_STANDARD_LIBRARIES = YES;
				CODE_SIGN_STYLE = Automatic;
				INFOPLIST_FILE = TestJsonUITests/Info.plist;
				LD_RUNPATH_SEARCH_PATHS = (
					"$(inherited)",
					"@executable_path/Frameworks",
					"@loader_path/Frameworks",
				);
				PRODUCT_BUNDLE_IDENTIFIER = ca.sheridancollege.TestJsonUITests;
				PRODUCT_NAME = "$(TARGET_NAME)";
				SWIFT_VERSION = 5.0;
				TARGETED_DEVICE_FAMILY = "1,2";
				TEST_TARGET_NAME = TestJson;
			};
			name = Debug;
		};
		BFB2F7EC255EDF620005E9F2 /* Release */ = {
			isa = XCBuildConfiguration;
			buildSettings = {
				ALWAYS_EMBED_SWIFT_STANDARD_LIBRARIES = YES;
				CODE_SIGN_STYLE = Automatic;
				INFOPLIST_FILE = TestJsonUITests/Info.plist;
				LD_RUNPATH_SEARCH_PATHS = (
					"$(inherited)",
					"@executable_path/Frameworks",
					"@loader_path/Frameworks",
				);
				PRODUCT_BUNDLE_IDENTIFIER = ca.sheridancollege.TestJsonUITests;
				PRODUCT_NAME = "$(TARGET_NAME)";
				SWIFT_VERSION = 5.0;
				TARGETED_DEVICE_FAMILY = "1,2";
				TEST_TARGET_NAME = TestJson;
			};
			name = Release;
		};
/* End XCBuildConfiguration section */

/* Begin XCConfigurationList section */
		BFB2F7B5255EDF610005E9F2 /* Build configuration list for PBXProject "TestJson" */ = {
			isa = XCConfigurationList;
			buildConfigurations = (
				BFB2F7E2255EDF620005E9F2 /* Debug */,
				BFB2F7E3255EDF620005E9F2 /* Release */,
			);
			defaultConfigurationIsVisible = 0;
			defaultConfigurationName = Release;
		};
		BFB2F7E4255EDF620005E9F2 /* Build configuration list for PBXNativeTarget "TestJson" */ = {
			isa = XCConfigurationList;
			buildConfigurations = (
				BFB2F7E5255EDF620005E9F2 /* Debug */,
				BFB2F7E6255EDF620005E9F2 /* Release */,
			);
			defaultConfigurationIsVisible = 0;
			defaultConfigurationName = Release;
		};
		BFB2F7E7255EDF620005E9F2 /* Build configuration list for PBXNativeTarget "TestJsonTests" */ = {
			isa = XCConfigurationList;
			buildConfigurations = (
				BFB2F7E8255EDF620005E9F2 /* Debug */,
				BFB2F7E9255EDF620005E9F2 /* Release */,
			);
			defaultConfigurationIsVisible = 0;
			defaultConfigurationName = Release;
		};
		BFB2F7EA255EDF620005E9F2 /* Build configuration list for PBXNativeTarget "TestJsonUITests" */ = {
			isa = XCConfigurationList;
			buildConfigurations = (
				BFB2F7EB255EDF620005E9F2 /* Debug */,
				BFB2F7EC255EDF620005E9F2 /* Release */,
			);
			defaultConfigurationIsVisible = 0;
			defaultConfigurationName = Release;
		};
/* End XCConfigurationList section */
	};
	rootObject = BFB2F7B2255EDF610005E9F2 /* Project object */;
}
